
Microsoft Visual Studio Solution File, Format Version 12.00
# Visual Studio Version 16
VisualStudioVersion = 16.0.31321.278
MinimumVisualStudioVersion = 10.0.40219.1
Project("{FAE04EC0-301F-11D3-BF4B-00C04F79EFBC}") = "Task1WebAPIandClientApp", "Task1WebAPIandClientApp.csproj", "{A8AF1210-C46E-40E4-9E77-3E95EC357671}"
EndProject
Global
	GlobalSection(SolutionConfigurationPlatforms) = preSolution
		Debug|Any CPU = Debug|Any CPU
		Release|Any CPU = Release|Any CPU
	EndGlobalSection
	GlobalSection(ProjectConfigurationPlatforms) = postSolution
		{A8AF1210-C46E-40E4-9E77-3E95EC357671}.Debug|Any CPU.ActiveCfg = Debug|Any CPU
		{A8AF1210-C46E-40E4-9E77-3E95EC357671}.Debug|Any CPU.Build.0 = Debug|Any CPU
		{A8AF1210-C46E-40E4-9E77-3E95EC357671}.Release|Any CPU.ActiveCfg = Release|Any CPU
		{A8AF1210-C46E-40E4-9E77-3E95EC357671}.Release|Any CPU.Build.0 = Release|Any CPU
	EndGlobalSection
	GlobalSection(SolutionProperties) = preSolution
		HideSolutionNode = FALSE
	EndGlobalSection
	GlobalSection(ExtensibilityGlobals) = postSolution
		SolutionGuid = {2C4AE91D-4BD0-448E-9C81-45B981B64C4E}
	EndGlobalSection
EndGlobal
